
Microsoft Visual Studio Solution File, Format Version 12.00
# Visual Studio Version 16
VisualStudioVersion = 16.0.32630.194
MinimumVisualStudioVersion = 10.0.40219.1
Project("{8BC9CEB8-8B4A-11D0-8D11-00A0C91BC942}") = "DragonCastle", "DragonCastle\DragonCastle.vcxproj", "{274F19EC-7CBA-4FC7-80E6-BB41C1FE6728}"
EndProject
Global
	GlobalSection(SolutionConfigurationPlatforms) = preSolution
		Debug|x64 = Debug|x64
		Debug|x86 = Debug|x86
		Release|x64 = Release|x64
		Release|x86 = Release|x86
	EndGlobalSection
	GlobalSection(ProjectConfigurationPlatforms) = postSolution
		{274F19EC-7CBA-4FC7-80E6-BB41C1FE6728}.Debug|x64.ActiveCfg = Debug|x64
		{274F19EC-7CBA-4FC7-80E6-BB41C1FE6728}.Debug|x64.Build.0 = Debug|x64
		{274F19EC-7CBA-4FC7-80E6-BB41C1FE6728}.Debug|x86.ActiveCfg = Debug|Win32
		{274F19EC-7CBA-4FC7-80E6-BB41C1FE6728}.Debug|x86.Build.0 = Debug|Win32
		{274F19EC-7CBA-4FC7-80E6-BB41C1FE6728}.Release|x64.ActiveCfg = Release|x64
		{274F19EC-7CBA-4FC7-80E6-BB41C1FE6728}.Release|x64.Build.0 = Release|x64
		{274F19EC-7CBA-4FC7-80E6-BB41C1FE6728}.Release|x86.ActiveCfg = Release|Win32
		{274F19EC-7CBA-4FC7-80E6-BB41C1FE6728}.Release|x86.Build.0 = Release|Win32
	EndGlobalSection
	GlobalSection(SolutionProperties) = preSolution
		HideSolutionNode = FALSE
	EndGlobalSection
	GlobalSection(ExtensibilityGlobals) = postSolution
		SolutionGuid = {6E84F481-4081-4325-8DDF-CF74F138D852}
	EndGlobalSection
EndGlobal
